
Microsoft Visual Studio Solution File, Format Version 12.00
# Visual Studio Version 17
VisualStudioVersion = 17.4.33103.184
MinimumVisualStudioVersion = 10.0.40219.1
Project("{9A19103F-16F7-4668-BE54-9A1E7A4F7556}") = "GoldenRaspberryAwards", "GoldenRaspberryAwards\GoldenRaspberryAwards.csproj", "{C2702B03-98B8-42A8-B4F6-0E0D72484466}"
EndProject
Project("{FAE04EC0-301F-11D3-BF4B-00C04F79EFBC}") = "IntegrationTest", "IntegrationTest\IntegrationTest.csproj", "{A7094573-BF97-4900-B79F-A8351CD2D56C}"
EndProject
Global
	GlobalSection(SolutionConfigurationPlatforms) = preSolution
		Debug|Any CPU = Debug|Any CPU
		Release|Any CPU = Release|Any CPU
	EndGlobalSection
	GlobalSection(ProjectConfigurationPlatforms) = postSolution
		{C2702B03-98B8-42A8-B4F6-0E0D72484466}.Debug|Any CPU.ActiveCfg = Debug|Any CPU
		{C2702B03-98B8-42A8-B4F6-0E0D72484466}.Debug|Any CPU.Build.0 = Debug|Any CPU
		{C2702B03-98B8-42A8-B4F6-0E0D72484466}.Release|Any CPU.ActiveCfg = Release|Any CPU
		{C2702B03-98B8-42A8-B4F6-0E0D72484466}.Release|Any CPU.Build.0 = Release|Any CPU
		{A7094573-BF97-4900-B79F-A8351CD2D56C}.Debug|Any CPU.ActiveCfg = Debug|Any CPU
		{A7094573-BF97-4900-B79F-A8351CD2D56C}.Debug|Any CPU.Build.0 = Debug|Any CPU
		{A7094573-BF97-4900-B79F-A8351CD2D56C}.Release|Any CPU.ActiveCfg = Release|Any CPU
		{A7094573-BF97-4900-B79F-A8351CD2D56C}.Release|Any CPU.Build.0 = Release|Any CPU
	EndGlobalSection
	GlobalSection(SolutionProperties) = preSolution
		HideSolutionNode = FALSE
	EndGlobalSection
	GlobalSection(ExtensibilityGlobals) = postSolution
		SolutionGuid = {9B9ADC9A-DAEB-4FA5-8F72-96466DD777E0}
	EndGlobalSection
EndGlobal
